
Microsoft Visual Studio Solution File, Format Version 12.00
# Visual Studio 15
Project("{FAE04EC0-301F-11D3-BF4B-00C04F79EFBC}") = "Assembly-CSharp", "Assembly-CSharp.csproj", "{0CF78AF1-46E0-9D6A-A49B-EB57FB96E81C}"
EndProject
Project("{FAE04EC0-301F-11D3-BF4B-00C04F79EFBC}") = "Assembly-CSharp-Editor", "Assembly-CSharp-Editor.csproj", "{6A26333A-8ED2-65E4-3784-55619EDE801B}"
EndProject
Global
	GlobalSection(SolutionConfigurationPlatforms) = preSolution
		Debug|Any CPU = Debug|Any CPU
		Release|Any CPU = Release|Any CPU
	EndGlobalSection
	GlobalSection(ProjectConfigurationPlatforms) = postSolution
		{0CF78AF1-46E0-9D6A-A49B-EB57FB96E81C}.Debug|Any CPU.ActiveCfg = Debug|Any CPU
		{0CF78AF1-46E0-9D6A-A49B-EB57FB96E81C}.Debug|Any CPU.Build.0 = Debug|Any CPU
		{0CF78AF1-46E0-9D6A-A49B-EB57FB96E81C}.Release|Any CPU.ActiveCfg = Release|Any CPU
		{0CF78AF1-46E0-9D6A-A49B-EB57FB96E81C}.Release|Any CPU.Build.0 = Release|Any CPU
		{6A26333A-8ED2-65E4-3784-55619EDE801B}.Debug|Any CPU.ActiveCfg = Debug|Any CPU
		{6A26333A-8ED2-65E4-3784-55619EDE801B}.Debug|Any CPU.Build.0 = Debug|Any CPU
		{6A26333A-8ED2-65E4-3784-55619EDE801B}.Release|Any CPU.ActiveCfg = Release|Any CPU
		{6A26333A-8ED2-65E4-3784-55619EDE801B}.Release|Any CPU.Build.0 = Release|Any CPU
	EndGlobalSection
	GlobalSection(SolutionProperties) = preSolution
		HideSolutionNode = FALSE
	EndGlobalSection
EndGlobal
