
Microsoft Visual Studio Solution File, Format Version 11.00
# Visual Studio 2010
Project("{FAE04EC0-301F-11D3-BF4B-00C04F79EFBC}") = "pocho pocho", "Assembly-CSharp.csproj", "{26381F46-FF0E-D435-42C1-B77B3B3B4756}"
EndProject
Global
	GlobalSection(SolutionConfigurationPlatforms) = preSolution
		Debug|Any CPU = Debug|Any CPU
		Release|Any CPU = Release|Any CPU
	EndGlobalSection
	GlobalSection(ProjectConfigurationPlatforms) = postSolution
		{26381F46-FF0E-D435-42C1-B77B3B3B4756}.Debug|Any CPU.ActiveCfg = Debug|Any CPU
		{26381F46-FF0E-D435-42C1-B77B3B3B4756}.Debug|Any CPU.Build.0 = Debug|Any CPU
		{26381F46-FF0E-D435-42C1-B77B3B3B4756}.Release|Any CPU.ActiveCfg = Release|Any CPU
		{26381F46-FF0E-D435-42C1-B77B3B3B4756}.Release|Any CPU.Build.0 = Release|Any CPU
	EndGlobalSection
	GlobalSection(SolutionProperties) = preSolution
		HideSolutionNode = FALSE
	EndGlobalSection
	GlobalSection(MonoDevelopProperties) = preSolution
		StartupItem = Assembly-CSharp.csproj
	EndGlobalSection
EndGlobal
